
Microsoft Visual Studio Solution File, Format Version 12.00
# Visual Studio Version 17
VisualStudioVersion = 17.8.34511.84
MinimumVisualStudioVersion = 10.0.40219.1
Project("{2150E333-8FDC-42A3-9474-1A3956D46DE8}") = "src", "src", "{D12AD17B-A415-44AD-944D-DFB301CD3AA8}"
EndProject
Project("{2150E333-8FDC-42A3-9474-1A3956D46DE8}") = "tests", "tests", "{CA0160AE-48E1-409F-8152-1FF990CE7C53}"
EndProject
Project("{2150E333-8FDC-42A3-9474-1A3956D46DE8}") = "Core", "Core", "{2A7C9137-1AAC-44C2-BE8C-75FEEE9C7568}"
EndProject
Project("{2150E333-8FDC-42A3-9474-1A3956D46DE8}") = "Infrastructure", "Infrastructure", "{25B24697-6A79-4AB3-AA68-08C73A4CD89B}"
EndProject
Project("{2150E333-8FDC-42A3-9474-1A3956D46DE8}") = "Presentation", "Presentation", "{6661AE40-6AC2-4E8B-9826-438E4EE9DE2D}"
EndProject
Project("{FAE04EC0-301F-11D3-BF4B-00C04F79EFBC}") = "Application", "src\Core\Application\Application.csproj", "{EC20BAB6-E86C-4DE8-9A58-CFF792369BA7}"
EndProject
Project("{FAE04EC0-301F-11D3-BF4B-00C04F79EFBC}") = "Domain", "src\Core\Domain\Domain.csproj", "{AB1A703B-3F3F-464C-AD6A-8C39A94D4FE0}"
EndProject
Project("{FAE04EC0-301F-11D3-BF4B-00C04F79EFBC}") = "Infrastructure", "src\Infrastructure\Infrastructure\Infrastructure.csproj", "{0F78F811-85FA-4441-94E3-A3C12961E143}"
EndProject
Project("{FAE04EC0-301F-11D3-BF4B-00C04F79EFBC}") = "Persistence", "src\Infrastructure\Persistence\Persistence.csproj", "{14468017-90A7-4910-8103-B7F3F55A3994}"
EndProject
Project("{FAE04EC0-301F-11D3-BF4B-00C04F79EFBC}") = "TodoWebAPI", "src\Presentation\TodoWebAPI\TodoWebAPI.csproj", "{EC9B3AD9-7ADA-4099-81CC-9487B799B399}"
EndProject
Project("{FAE04EC0-301F-11D3-BF4B-00C04F79EFBC}") = "TodoConsoleApp", "src\Presentation\TodoConsoleApp\TodoConsoleApp.csproj", "{4C1DE890-6864-438D-94C4-FDBA6A36798D}"
EndProject
Global
	GlobalSection(SolutionConfigurationPlatforms) = preSolution
		Debug|Any CPU = Debug|Any CPU
		Release|Any CPU = Release|Any CPU
	EndGlobalSection
	GlobalSection(ProjectConfigurationPlatforms) = postSolution
		{EC20BAB6-E86C-4DE8-9A58-CFF792369BA7}.Debug|Any CPU.ActiveCfg = Debug|Any CPU
		{EC20BAB6-E86C-4DE8-9A58-CFF792369BA7}.Debug|Any CPU.Build.0 = Debug|Any CPU
		{EC20BAB6-E86C-4DE8-9A58-CFF792369BA7}.Release|Any CPU.ActiveCfg = Release|Any CPU
		{EC20BAB6-E86C-4DE8-9A58-CFF792369BA7}.Release|Any CPU.Build.0 = Release|Any CPU
		{AB1A703B-3F3F-464C-AD6A-8C39A94D4FE0}.Debug|Any CPU.ActiveCfg = Debug|Any CPU
		{AB1A703B-3F3F-464C-AD6A-8C39A94D4FE0}.Debug|Any CPU.Build.0 = Debug|Any CPU
		{AB1A703B-3F3F-464C-AD6A-8C39A94D4FE0}.Release|Any CPU.ActiveCfg = Release|Any CPU
		{AB1A703B-3F3F-464C-AD6A-8C39A94D4FE0}.Release|Any CPU.Build.0 = Release|Any CPU
		{0F78F811-85FA-4441-94E3-A3C12961E143}.Debug|Any CPU.ActiveCfg = Debug|Any CPU
		{0F78F811-85FA-4441-94E3-A3C12961E143}.Debug|Any CPU.Build.0 = Debug|Any CPU
		{0F78F811-85FA-4441-94E3-A3C12961E143}.Release|Any CPU.ActiveCfg = Release|Any CPU
		{0F78F811-85FA-4441-94E3-A3C12961E143}.Release|Any CPU.Build.0 = Release|Any CPU
		{14468017-90A7-4910-8103-B7F3F55A3994}.Debug|Any CPU.ActiveCfg = Debug|Any CPU
		{14468017-90A7-4910-8103-B7F3F55A3994}.Debug|Any CPU.Build.0 = Debug|Any CPU
		{14468017-90A7-4910-8103-B7F3F55A3994}.Release|Any CPU.ActiveCfg = Release|Any CPU
		{14468017-90A7-4910-8103-B7F3F55A3994}.Release|Any CPU.Build.0 = Release|Any CPU
		{EC9B3AD9-7ADA-4099-81CC-9487B799B399}.Debug|Any CPU.ActiveCfg = Debug|Any CPU
		{EC9B3AD9-7ADA-4099-81CC-9487B799B399}.Debug|Any CPU.Build.0 = Debug|Any CPU
		{EC9B3AD9-7ADA-4099-81CC-9487B799B399}.Release|Any CPU.ActiveCfg = Release|Any CPU
		{EC9B3AD9-7ADA-4099-81CC-9487B799B399}.Release|Any CPU.Build.0 = Release|Any CPU
		{4C1DE890-6864-438D-94C4-FDBA6A36798D}.Debug|Any CPU.ActiveCfg = Debug|Any CPU
		{4C1DE890-6864-438D-94C4-FDBA6A36798D}.Debug|Any CPU.Build.0 = Debug|Any CPU
		{4C1DE890-6864-438D-94C4-FDBA6A36798D}.Release|Any CPU.ActiveCfg = Release|Any CPU
		{4C1DE890-6864-438D-94C4-FDBA6A36798D}.Release|Any CPU.Build.0 = Release|Any CPU
	EndGlobalSection
	GlobalSection(SolutionProperties) = preSolution
		HideSolutionNode = FALSE
	EndGlobalSection
	GlobalSection(NestedProjects) = preSolution
		{2A7C9137-1AAC-44C2-BE8C-75FEEE9C7568} = {D12AD17B-A415-44AD-944D-DFB301CD3AA8}
		{25B24697-6A79-4AB3-AA68-08C73A4CD89B} = {D12AD17B-A415-44AD-944D-DFB301CD3AA8}
		{6661AE40-6AC2-4E8B-9826-438E4EE9DE2D} = {D12AD17B-A415-44AD-944D-DFB301CD3AA8}
		{EC20BAB6-E86C-4DE8-9A58-CFF792369BA7} = {2A7C9137-1AAC-44C2-BE8C-75FEEE9C7568}
		{AB1A703B-3F3F-464C-AD6A-8C39A94D4FE0} = {2A7C9137-1AAC-44C2-BE8C-75FEEE9C7568}
		{0F78F811-85FA-4441-94E3-A3C12961E143} = {25B24697-6A79-4AB3-AA68-08C73A4CD89B}
		{14468017-90A7-4910-8103-B7F3F55A3994} = {25B24697-6A79-4AB3-AA68-08C73A4CD89B}
		{EC9B3AD9-7ADA-4099-81CC-9487B799B399} = {6661AE40-6AC2-4E8B-9826-438E4EE9DE2D}
		{4C1DE890-6864-438D-94C4-FDBA6A36798D} = {6661AE40-6AC2-4E8B-9826-438E4EE9DE2D}
	EndGlobalSection
	GlobalSection(ExtensibilityGlobals) = postSolution
		SolutionGuid = {A230C5B2-6C78-495D-9C51-F25839B9640A}
	EndGlobalSection
EndGlobal
